Microsoft Visual Studio Solution File, Format Version 12.00
# Visual Studio Version 17
VisualStudioVersion = 17.5.2.0
MinimumVisualStudioVersion = 10.0.40219.1
Project("{FAE04EC0-301F-11D3-BF4B-00C04F79EFBC}") = "FahrradHandel", "FahrradHandel.csproj", "{11B66F95-7AE5-8510-9FA9-3775F9532D2D}"
EndProject
Global
	GlobalSection(SolutionConfigurationPlatforms) = preSolution
		Debug|Any CPU = Debug|Any CPU
		Release|Any CPU = Release|Any CPU
	EndGlobalSection
	GlobalSection(ProjectConfigurationPlatforms) = postSolution
		{11B66F95-7AE5-8510-9FA9-3775F9532D2D}.Debug|Any CPU.ActiveCfg = Debug|Any CPU
		{11B66F95-7AE5-8510-9FA9-3775F9532D2D}.Debug|Any CPU.Build.0 = Debug|Any CPU
		{11B66F95-7AE5-8510-9FA9-3775F9532D2D}.Release|Any CPU.ActiveCfg = Release|Any CPU
		{11B66F95-7AE5-8510-9FA9-3775F9532D2D}.Release|Any CPU.Build.0 = Release|Any CPU
	EndGlobalSection
	GlobalSection(SolutionProperties) = preSolution
		HideSolutionNode = FALSE
	EndGlobalSection
	GlobalSection(ExtensibilityGlobals) = postSolution
		SolutionGuid = {8E7DE1AE-D202-4837-94B1-4E0336A6A6A9}
	EndGlobalSection
EndGlobal
